
Microsoft Visual Studio Solution File, Format Version 12.00
# Visual Studio Version 17
VisualStudioVersion = 17.13.35818.85
MinimumVisualStudioVersion = 10.0.40219.1
Project("{FAE04EC0-301F-11D3-BF4B-00C04F79EFBC}") = "HowItLooks", "HowItLooks\HowItLooks.csproj", "{C65A6300-CC6E-4472-B6D9-9E949A039CED}"
EndProject
Project("{2150E333-8FDC-42A3-9474-1A3956D46DE8}") = "Solution Items", "Solution Items", "{8EC462FD-D22E-90A8-E5CE-7E832BA40C5D}"
	ProjectSection(SolutionItems) = preProject
		.github\workflows\android-build.yml = .github\workflows\android-build.yml
		README.md = README.md
	EndProjectSection
EndProject
Global
	GlobalSection(SolutionConfigurationPlatforms) = preSolution
		Debug|Any CPU = Debug|Any CPU
		Release|Any CPU = Release|Any CPU
	EndGlobalSection
	GlobalSection(ProjectConfigurationPlatforms) = postSolution
		{C65A6300-CC6E-4472-B6D9-9E949A039CED}.Debug|Any CPU.ActiveCfg = Debug|Any CPU
		{C65A6300-CC6E-4472-B6D9-9E949A039CED}.Debug|Any CPU.Build.0 = Debug|Any CPU
		{C65A6300-CC6E-4472-B6D9-9E949A039CED}.Debug|Any CPU.Deploy.0 = Debug|Any CPU
		{C65A6300-CC6E-4472-B6D9-9E949A039CED}.Release|Any CPU.ActiveCfg = Release|Any CPU
		{C65A6300-CC6E-4472-B6D9-9E949A039CED}.Release|Any CPU.Build.0 = Release|Any CPU
	EndGlobalSection
	GlobalSection(SolutionProperties) = preSolution
		HideSolutionNode = FALSE
	EndGlobalSection
	GlobalSection(ExtensibilityGlobals) = postSolution
		SolutionGuid = {1F487232-2B78-4995-B88E-9332490F96E6}
	EndGlobalSection
EndGlobal
